
Microsoft Visual Studio Solution File, Format Version 12.00
# Visual Studio Version 17
VisualStudioVersion = 17.4.33205.214
MinimumVisualStudioVersion = 10.0.40219.1
Project("{9A19103F-16F7-4668-BE54-9A1E7A4F7556}") = "Kiosk_console_CSharp", "Kiosk_console_CSharp\Kiosk_console_CSharp.csproj", "{1E2BDA98-F86F-4FE7-AA8F-CDA73D1EB665}"
	ProjectSection(ProjectDependencies) = postProject
		{21C65E15-2CDB-423B-BC5D-758B272EAE1D} = {21C65E15-2CDB-423B-BC5D-758B272EAE1D}
	EndProjectSection
EndProject
Project("{9A19103F-16F7-4668-BE54-9A1E7A4F7556}") = "Kiosk_Logging_CSharp", "Kiosk_Logging_CSharp\Kiosk_Logging_CSharp\Kiosk_Logging_CSharp.csproj", "{21C65E15-2CDB-423B-BC5D-758B272EAE1D}"
EndProject
Global
	GlobalSection(SolutionConfigurationPlatforms) = preSolution
		Debug|Any CPU = Debug|Any CPU
		Debug|x64 = Debug|x64
		Release|Any CPU = Release|Any CPU
		Release|x64 = Release|x64
	EndGlobalSection
	GlobalSection(ProjectConfigurationPlatforms) = postSolution
		{1E2BDA98-F86F-4FE7-AA8F-CDA73D1EB665}.Debug|Any CPU.ActiveCfg = Debug|Any CPU
		{1E2BDA98-F86F-4FE7-AA8F-CDA73D1EB665}.Debug|Any CPU.Build.0 = Debug|Any CPU
		{1E2BDA98-F86F-4FE7-AA8F-CDA73D1EB665}.Debug|x64.ActiveCfg = Debug|Any CPU
		{1E2BDA98-F86F-4FE7-AA8F-CDA73D1EB665}.Debug|x64.Build.0 = Debug|Any CPU
		{1E2BDA98-F86F-4FE7-AA8F-CDA73D1EB665}.Release|Any CPU.ActiveCfg = Release|Any CPU
		{1E2BDA98-F86F-4FE7-AA8F-CDA73D1EB665}.Release|Any CPU.Build.0 = Release|Any CPU
		{1E2BDA98-F86F-4FE7-AA8F-CDA73D1EB665}.Release|x64.ActiveCfg = Release|Any CPU
		{1E2BDA98-F86F-4FE7-AA8F-CDA73D1EB665}.Release|x64.Build.0 = Release|Any CPU
		{21C65E15-2CDB-423B-BC5D-758B272EAE1D}.Debug|Any CPU.ActiveCfg = Debug|Any CPU
		{21C65E15-2CDB-423B-BC5D-758B272EAE1D}.Debug|Any CPU.Build.0 = Debug|Any CPU
		{21C65E15-2CDB-423B-BC5D-758B272EAE1D}.Debug|x64.ActiveCfg = Debug|Any CPU
		{21C65E15-2CDB-423B-BC5D-758B272EAE1D}.Debug|x64.Build.0 = Debug|Any CPU
		{21C65E15-2CDB-423B-BC5D-758B272EAE1D}.Release|Any CPU.ActiveCfg = Release|Any CPU
		{21C65E15-2CDB-423B-BC5D-758B272EAE1D}.Release|Any CPU.Build.0 = Release|Any CPU
		{21C65E15-2CDB-423B-BC5D-758B272EAE1D}.Release|x64.ActiveCfg = Release|Any CPU
		{21C65E15-2CDB-423B-BC5D-758B272EAE1D}.Release|x64.Build.0 = Release|Any CPU
	EndGlobalSection
	GlobalSection(SolutionProperties) = preSolution
		HideSolutionNode = FALSE
	EndGlobalSection
	GlobalSection(ExtensibilityGlobals) = postSolution
		SolutionGuid = {EFAB8796-C768-4166-90C9-6F912B19D946}
	EndGlobalSection
EndGlobal
